
Microsoft Visual Studio Solution File, Format Version 12.00
# Visual Studio Version 17
VisualStudioVersion = 17.3.32929.385
MinimumVisualStudioVersion = 10.0.40219.1
Project("{FAE04EC0-301F-11D3-BF4B-00C04F79EFBC}") = "Project_24_01_2023", "Project_24_01_2023\Project_24_01_2023.csproj", "{AD97004C-29B7-4EC7-B1E9-EC3E3BDD8E47}"
EndProject
Global
	GlobalSection(SolutionConfigurationPlatforms) = preSolution
		Debug|Any CPU = Debug|Any CPU
		Release|Any CPU = Release|Any CPU
	EndGlobalSection
	GlobalSection(ProjectConfigurationPlatforms) = postSolution
		{AD97004C-29B7-4EC7-B1E9-EC3E3BDD8E47}.Debug|Any CPU.ActiveCfg = Debug|Any CPU
		{AD97004C-29B7-4EC7-B1E9-EC3E3BDD8E47}.Debug|Any CPU.Build.0 = Debug|Any CPU
		{AD97004C-29B7-4EC7-B1E9-EC3E3BDD8E47}.Release|Any CPU.ActiveCfg = Release|Any CPU
		{AD97004C-29B7-4EC7-B1E9-EC3E3BDD8E47}.Release|Any CPU.Build.0 = Release|Any CPU
	EndGlobalSection
	GlobalSection(SolutionProperties) = preSolution
		HideSolutionNode = FALSE
	EndGlobalSection
	GlobalSection(ExtensibilityGlobals) = postSolution
		SolutionGuid = {DB389601-9A49-4BD1-B36E-53F6CDAE1287}
	EndGlobalSection
EndGlobal
